{
  "requires": true,
  "lockfileVersion": 1,
  "dependencies": {
    "intersection-observer": {
      "version": "0.11.0",
      "resolved": "https://registry.npmjs.org/intersection-observer/-/intersection-observer-0.11.0.tgz",
      "integrity": "sha512-KZArj2QVnmdud9zTpKf279m2bbGfG+4/kn16UU0NL3pTVl52ZHiJ9IRNSsnn6jaHrL9EGLFM5eWjTx2fz/+zoQ=="
    },
    "scrollama": {
      "version": "2.2.1",
      "resolved": "https://registry.npmjs.org/scrollama/-/scrollama-2.2.1.tgz",
      "integrity": "sha512-Wq880ZLa3G6YSDbV7Bg5thEggo20+UM9qFu9P9ZAZlPmTt/rhIroUNmsZYvO8C5Y0kLp4nwK8S2Zha+bbOFiYg=="
    }
  }
}
